
Microsoft Visual Studio Solution File, Format Version 12.00
# Visual Studio Version 17
VisualStudioVersion = 17.14.36518.9 d17.14
MinimumVisualStudioVersion = 10.0.40219.1
Project("{FAE04EC0-301F-11D3-BF4B-00C04F79EFBC}") = "DRM_Management", "DRM_Management.csproj", "{CDB91620-CF9F-48D4-B341-CF67119FFFDC}"
EndProject
Global
	GlobalSection(SolutionConfigurationPlatforms) = preSolution
		Debug|Any CPU = Debug|Any CPU
		Release|Any CPU = Release|Any CPU
	EndGlobalSection
	GlobalSection(ProjectConfigurationPlatforms) = postSolution
		{CDB91620-CF9F-48D4-B341-CF67119FFFDC}.Debug|Any CPU.ActiveCfg = Debug|Any CPU
		{CDB91620-CF9F-48D4-B341-CF67119FFFDC}.Debug|Any CPU.Build.0 = Debug|Any CPU
		{CDB91620-CF9F-48D4-B341-CF67119FFFDC}.Release|Any CPU.ActiveCfg = Release|Any CPU
		{CDB91620-CF9F-48D4-B341-CF67119FFFDC}.Release|Any CPU.Build.0 = Release|Any CPU
	EndGlobalSection
	GlobalSection(SolutionProperties) = preSolution
		HideSolutionNode = FALSE
	EndGlobalSection
	GlobalSection(ExtensibilityGlobals) = postSolution
		SolutionGuid = {D7ADA1FF-A839-4EA5-91D7-DDA06060195A}
	EndGlobalSection
EndGlobal
